{
  "name": "zen-push",
  "version": "0.2.1",
  "lockfileVersion": 1,
  "requires": true,
  "dependencies": {
    "zen-observable": {
      "version": "0.7.0",
      "resolved": "https://registry.npmjs.org/zen-observable/-/zen-observable-0.7.0.tgz",
      "integrity": "sha512-DwCrM0MenHZ5Vg8OKKmZZxJ3zG0KDf9DrcKiNxILmJtaCrqROyInCBRSojNwqksTEPO0epT6pWyg/W8KfZu+bA=="
    }
  }
}
