{
  "name": "zen-push",
  "version": "0.2.1",
  "lockfileVersion": 1,
  "requires": true,
  "dependencies": {
    "zen-observable": {
      "version": "0.8.6",
      "resolved": "https://registry.npmjs.org/zen-observable/-/zen-observable-0.8.6.tgz",
      "integrity": "sha512-L/snSXVoNsU1djDL0dx5qDQVY52QKu09c2vEgThkyuRA/yQC+ZJcZMESC2YaKkDK7Shq2F/lgm1TefLLzZJiSg=="
    }
  }
}
