{
  "name": "zen-push",
  "version": "0.1.1",
  "lockfileVersion": 1,
  "requires": true,
  "dependencies": {
    "zen-observable": {
      "version": "0.5.2",
      "resolved": "https://registry.npmjs.org/zen-observable/-/zen-observable-0.5.2.tgz",
      "integrity": "sha512-Dhp/R0pqSHj3vPs5O1gVd9kZx5Iew2lqVcfJQOBHx3llM/dLea8vl9wSa9FK8wLdSBQJ6mmgKi9+Rk2DRH3i9Q=="
    }
  }
}
